
Microsoft Visual Studio Solution File, Format Version 12.00
# Visual Studio Version 16
VisualStudioVersion = 16.0.31515.178
MinimumVisualStudioVersion = 10.0.40219.1
Project("{FAE04EC0-301F-11D3-BF4B-00C04F79EFBC}") = "HolidaySearch", "HolidaySearch\HolidaySearch.csproj", "{7A15E139-7DCB-4AC6-97B7-4A8206E9C52F}"
EndProject
Project("{FAE04EC0-301F-11D3-BF4B-00C04F79EFBC}") = "HolidaySearch.Tests", "HolidaySearch.Tests\HolidaySearch.Tests.csproj", "{4532EE41-DCAB-4673-8F9F-F55C9C934D8A}"
EndProject
Project("{2150E333-8FDC-42A3-9474-1A3956D46DE8}") = "Solution Items", "Solution Items", "{65C34363-A103-4D61-89EE-1ECB0274A118}"
	ProjectSection(SolutionItems) = preProject
		ReadMe.txt = ReadMe.txt
	EndProjectSection
EndProject
Global
	GlobalSection(SolutionConfigurationPlatforms) = preSolution
		Debug|Any CPU = Debug|Any CPU
		Release|Any CPU = Release|Any CPU
	EndGlobalSection
	GlobalSection(ProjectConfigurationPlatforms) = postSolution
		{7A15E139-7DCB-4AC6-97B7-4A8206E9C52F}.Debug|Any CPU.ActiveCfg = Debug|Any CPU
		{7A15E139-7DCB-4AC6-97B7-4A8206E9C52F}.Debug|Any CPU.Build.0 = Debug|Any CPU
		{7A15E139-7DCB-4AC6-97B7-4A8206E9C52F}.Release|Any CPU.ActiveCfg = Release|Any CPU
		{7A15E139-7DCB-4AC6-97B7-4A8206E9C52F}.Release|Any CPU.Build.0 = Release|Any CPU
		{4532EE41-DCAB-4673-8F9F-F55C9C934D8A}.Debug|Any CPU.ActiveCfg = Debug|Any CPU
		{4532EE41-DCAB-4673-8F9F-F55C9C934D8A}.Debug|Any CPU.Build.0 = Debug|Any CPU
		{4532EE41-DCAB-4673-8F9F-F55C9C934D8A}.Release|Any CPU.ActiveCfg = Release|Any CPU
		{4532EE41-DCAB-4673-8F9F-F55C9C934D8A}.Release|Any CPU.Build.0 = Release|Any CPU
	EndGlobalSection
	GlobalSection(SolutionProperties) = preSolution
		HideSolutionNode = FALSE
	EndGlobalSection
	GlobalSection(ExtensibilityGlobals) = postSolution
		SolutionGuid = {3ADE39A6-4458-44EB-B3CB-8F977D6C42BF}
	EndGlobalSection
EndGlobal
